
Microsoft Visual Studio Solution File, Format Version 12.00
# Visual Studio Version 17
VisualStudioVersion = 17.8.34322.80
MinimumVisualStudioVersion = 10.0.40219.1
Project("{9A19103F-16F7-4668-BE54-9A1E7A4F7556}") = "SumofPrimeNumbers", "PrimeNumber\SumofPrimeNumbers.csproj", "{5DD695E4-65F9-4A96-A3BA-AB51F6FEC317}"
EndProject
Global
	GlobalSection(SolutionConfigurationPlatforms) = preSolution
		Debug|Any CPU = Debug|Any CPU
		Release|Any CPU = Release|Any CPU
	EndGlobalSection
	GlobalSection(ProjectConfigurationPlatforms) = postSolution
		{5DD695E4-65F9-4A96-A3BA-AB51F6FEC317}.Debug|Any CPU.ActiveCfg = Debug|Any CPU
		{5DD695E4-65F9-4A96-A3BA-AB51F6FEC317}.Debug|Any CPU.Build.0 = Debug|Any CPU
		{5DD695E4-65F9-4A96-A3BA-AB51F6FEC317}.Release|Any CPU.ActiveCfg = Release|Any CPU
		{5DD695E4-65F9-4A96-A3BA-AB51F6FEC317}.Release|Any CPU.Build.0 = Release|Any CPU
	EndGlobalSection
	GlobalSection(SolutionProperties) = preSolution
		HideSolutionNode = FALSE
	EndGlobalSection
	GlobalSection(ExtensibilityGlobals) = postSolution
		SolutionGuid = {E8F9B05F-EFE5-432F-9714-3DDCF07F0A0C}
	EndGlobalSection
EndGlobal
